
Microsoft Visual Studio Solution File, Format Version 12.00
# Visual Studio Version 17
VisualStudioVersion = 17.11.35222.181
MinimumVisualStudioVersion = 10.0.40219.1
Project("{9A19103F-16F7-4668-BE54-9A1E7A4F7556}") = "BlogsAPI", "BlogsAPI\BlogsAPI.csproj", "{7CE9FA68-BF54-44F8-95EE-4E0EFECDF0FD}"
EndProject
Project("{2150E333-8FDC-42A3-9474-1A3956D46DE8}") = "Solution Items", "Solution Items", "{ABBFA8F4-8F46-4B84-A0CE-DA9CE42B791F}"
	ProjectSection(SolutionItems) = preProject
		.editorconfig = .editorconfig
	EndProjectSection
EndProject
Global
	GlobalSection(SolutionConfigurationPlatforms) = preSolution
		Debug|Any CPU = Debug|Any CPU
		Release|Any CPU = Release|Any CPU
	EndGlobalSection
	GlobalSection(ProjectConfigurationPlatforms) = postSolution
		{7CE9FA68-BF54-44F8-95EE-4E0EFECDF0FD}.Debug|Any CPU.ActiveCfg = Debug|Any CPU
		{7CE9FA68-BF54-44F8-95EE-4E0EFECDF0FD}.Debug|Any CPU.Build.0 = Debug|Any CPU
		{7CE9FA68-BF54-44F8-95EE-4E0EFECDF0FD}.Release|Any CPU.ActiveCfg = Release|Any CPU
		{7CE9FA68-BF54-44F8-95EE-4E0EFECDF0FD}.Release|Any CPU.Build.0 = Release|Any CPU
	EndGlobalSection
	GlobalSection(SolutionProperties) = preSolution
		HideSolutionNode = FALSE
	EndGlobalSection
	GlobalSection(ExtensibilityGlobals) = postSolution
		SolutionGuid = {20593CE5-DBD7-4BF0-ADC8-6FD1EC37B2D0}
	EndGlobalSection
EndGlobal
